
Microsoft Visual Studio Solution File, Format Version 12.00
# Visual Studio Version 17
VisualStudioVersion = 17.6.33723.286
MinimumVisualStudioVersion = 10.0.40219.1
Project("{9A19103F-16F7-4668-BE54-9A1E7A4F7556}") = "Desafio-1", "Desafio-1\Desafio-1.csproj", "{F41CF07C-8E36-4759-9699-A093B9370774}"
EndProject
Project("{9A19103F-16F7-4668-BE54-9A1E7A4F7556}") = "Desafio-1.Tests", "Desafio-1.Tests\Desafio-1.Tests.csproj", "{589FFC5C-0A83-4A28-BA2E-0A598D084FE8}"
EndProject
Project("{2150E333-8FDC-42A3-9474-1A3956D46DE8}") = "1", "1", "{ECB8A876-C848-406A-90E4-9AB263A80CF5}"
EndProject
Project("{2150E333-8FDC-42A3-9474-1A3956D46DE8}") = "2", "2", "{88B2CB2B-7287-46B2-89F9-6896577BC226}"
EndProject
Project("{9A19103F-16F7-4668-BE54-9A1E7A4F7556}") = "Desafio-2", "Desafio-2\Desafio-2.csproj", "{A0871106-EE38-4EF5-B7D4-8551A09C7E4D}"
EndProject
Project("{FAE04EC0-301F-11D3-BF4B-00C04F79EFBC}") = "Desafio-2.Tests", "Desafio-2.Tests\Desafio-2.Tests.csproj", "{C01C3518-67FD-4542-928D-2E86347BEAF2}"
EndProject
Global
	GlobalSection(SolutionConfigurationPlatforms) = preSolution
		Debug|Any CPU = Debug|Any CPU
		Release|Any CPU = Release|Any CPU
	EndGlobalSection
	GlobalSection(ProjectConfigurationPlatforms) = postSolution
		{F41CF07C-8E36-4759-9699-A093B9370774}.Debug|Any CPU.ActiveCfg = Debug|Any CPU
		{F41CF07C-8E36-4759-9699-A093B9370774}.Debug|Any CPU.Build.0 = Debug|Any CPU
		{F41CF07C-8E36-4759-9699-A093B9370774}.Release|Any CPU.ActiveCfg = Release|Any CPU
		{F41CF07C-8E36-4759-9699-A093B9370774}.Release|Any CPU.Build.0 = Release|Any CPU
		{589FFC5C-0A83-4A28-BA2E-0A598D084FE8}.Debug|Any CPU.ActiveCfg = Debug|Any CPU
		{589FFC5C-0A83-4A28-BA2E-0A598D084FE8}.Debug|Any CPU.Build.0 = Debug|Any CPU
		{589FFC5C-0A83-4A28-BA2E-0A598D084FE8}.Release|Any CPU.ActiveCfg = Release|Any CPU
		{589FFC5C-0A83-4A28-BA2E-0A598D084FE8}.Release|Any CPU.Build.0 = Release|Any CPU
		{A0871106-EE38-4EF5-B7D4-8551A09C7E4D}.Debug|Any CPU.ActiveCfg = Debug|Any CPU
		{A0871106-EE38-4EF5-B7D4-8551A09C7E4D}.Debug|Any CPU.Build.0 = Debug|Any CPU
		{A0871106-EE38-4EF5-B7D4-8551A09C7E4D}.Release|Any CPU.ActiveCfg = Release|Any CPU
		{A0871106-EE38-4EF5-B7D4-8551A09C7E4D}.Release|Any CPU.Build.0 = Release|Any CPU
		{C01C3518-67FD-4542-928D-2E86347BEAF2}.Debug|Any CPU.ActiveCfg = Debug|Any CPU
		{C01C3518-67FD-4542-928D-2E86347BEAF2}.Debug|Any CPU.Build.0 = Debug|Any CPU
		{C01C3518-67FD-4542-928D-2E86347BEAF2}.Release|Any CPU.ActiveCfg = Release|Any CPU
		{C01C3518-67FD-4542-928D-2E86347BEAF2}.Release|Any CPU.Build.0 = Release|Any CPU
	EndGlobalSection
	GlobalSection(SolutionProperties) = preSolution
		HideSolutionNode = FALSE
	EndGlobalSection
	GlobalSection(NestedProjects) = preSolution
		{F41CF07C-8E36-4759-9699-A093B9370774} = {ECB8A876-C848-406A-90E4-9AB263A80CF5}
		{589FFC5C-0A83-4A28-BA2E-0A598D084FE8} = {ECB8A876-C848-406A-90E4-9AB263A80CF5}
		{A0871106-EE38-4EF5-B7D4-8551A09C7E4D} = {88B2CB2B-7287-46B2-89F9-6896577BC226}
		{C01C3518-67FD-4542-928D-2E86347BEAF2} = {88B2CB2B-7287-46B2-89F9-6896577BC226}
	EndGlobalSection
	GlobalSection(ExtensibilityGlobals) = postSolution
		SolutionGuid = {243E8C1C-6954-4433-9EEA-D8060337F6F7}
	EndGlobalSection
EndGlobal
